
Microsoft Visual Studio Solution File, Format Version 12.00
# Visual Studio Version 17
VisualStudioVersion = 17.12.35527.113 d17.12
MinimumVisualStudioVersion = 10.0.40219.1
Project("{FAE04EC0-301F-11D3-BF4B-00C04F79EFBC}") = "ConsoleApp1", "ConsoleApp1\ConsoleApp1.csproj", "{D1C733CC-28D8-4A70-8A26-A6729D99B772}"
EndProject
Global
	GlobalSection(SolutionConfigurationPlatforms) = preSolution
		Debug|Any CPU = Debug|Any CPU
		Release|Any CPU = Release|Any CPU
	EndGlobalSection
	GlobalSection(ProjectConfigurationPlatforms) = postSolution
		{D1C733CC-28D8-4A70-8A26-A6729D99B772}.Debug|Any CPU.ActiveCfg = Debug|Any CPU
		{D1C733CC-28D8-4A70-8A26-A6729D99B772}.Debug|Any CPU.Build.0 = Debug|Any CPU
		{D1C733CC-28D8-4A70-8A26-A6729D99B772}.Release|Any CPU.ActiveCfg = Release|Any CPU
		{D1C733CC-28D8-4A70-8A26-A6729D99B772}.Release|Any CPU.Build.0 = Release|Any CPU
	EndGlobalSection
	GlobalSection(SolutionProperties) = preSolution
		HideSolutionNode = FALSE
	EndGlobalSection
EndGlobal
